// !$*UTF8*$!
{
	archiveVersion = 1;
	classes = {
	};
	objectVersion = 46;
	objects = {

/* Begin PBXBuildFile section */
		22135B541D90092E000C4471 /* Data.swift in Sources */ = {isa = PBXBuildFile; fileRef = 22135B531D90092E000C4471 /* Data.swift */; };
		22487F281D6F55B500E3526F /* Extensions.swift in Sources */ = {isa = PBXBuildFile; fileRef = 22487F271D6F55B500E3526F /* Extensions.swift */; };
		225473F41DA5882700EF72D0 /* AppConstants.swift in Sources */ = {isa = PBXBuildFile; fileRef = 225473F31DA5882700EF72D0 /* AppConstants.swift */; };
		22C6468E1D96DE0D00F8168D /* Assets.xcassets in Resources */ = {isa = PBXBuildFile; fileRef = 22C6468D1D96DE0D00F8168D /* Assets.xcassets */; };
		22C646901D97952A00F8168D /* OnBoardingViewController.swift in Sources */ = {isa = PBXBuildFile; fileRef = 22C6468F1D97952A00F8168D /* OnBoardingViewController.swift */; };
		22D87B9C1D97BF240021995D /* NewMainViewController.swift in Sources */ = {isa = PBXBuildFile; fileRef = 22D87B9B1D97BF240021995D /* NewMainViewController.swift */; };
		22D87B9E1D983E630021995D /* PermissionViewController.swift in Sources */ = {isa = PBXBuildFile; fileRef = 22D87B9D1D983E630021995D /* PermissionViewController.swift */; };
		22DCA52C1D92E81800985C90 /* GoogleService-Info.plist in Resources */ = {isa = PBXBuildFile; fileRef = 22DCA52B1D92E81800985C90 /* GoogleService-Info.plist */; };
		22DD7ED41D6CB92500623BF7 /* AppDelegate.swift in Sources */ = {isa = PBXBuildFile; fileRef = 22DD7ED31D6CB92500623BF7 /* AppDelegate.swift */; };
		22DD7ED61D6CB92500623BF7 /* MainViewController.swift in Sources */ = {isa = PBXBuildFile; fileRef = 22DD7ED51D6CB92500623BF7 /* MainViewController.swift */; };
		22DD7ED91D6CB92500623BF7 /* Main.storyboard in Resources */ = {isa = PBXBuildFile; fileRef = 22DD7ED71D6CB92500623BF7 /* Main.storyboard */; };
		22DD7EDE1D6CB92500623BF7 /* LaunchScreen.storyboard in Resources */ = {isa = PBXBuildFile; fileRef = 22DD7EDC1D6CB92500623BF7 /* LaunchScreen.storyboard */; };
		73490940582FB48047A83DEA /* Pods_rememberme.framework in Frameworks */ = {isa = PBXBuildFile; fileRef = 9B0EF30C483318947CA0E774 /* Pods_rememberme.framework */; };
/* End PBXBuildFile section */

/* Begin PBXFileReference section */
		22135B531D90092E000C4471 /* Data.swift */ = {isa = PBXFileReference; fileEncoding = 4; lastKnownFileType = sourcecode.swift; path = Data.swift; sourceTree = "<group>"; };
		22487F271D6F55B500E3526F /* Extensions.swift */ = {isa = PBXFileReference; fileEncoding = 4; lastKnownFileType = sourcecode.swift; name = Extensions.swift; path = Common/Extensions.swift; sourceTree = "<group>"; };
		225473F31DA5882700EF72D0 /* AppConstants.swift */ = {isa = PBXFileReference; fileEncoding = 4; lastKnownFileType = sourcecode.swift; name = AppConstants.swift; path = Common/AppConstants.swift; sourceTree = "<group>"; };
		22C6468D1D96DE0D00F8168D /* Assets.xcassets */ = {isa = PBXFileReference; lastKnownFileType = folder.assetcatalog; path = Assets.xcassets; sourceTree = "<group>"; };
		22C6468F1D97952A00F8168D /* OnBoardingViewController.swift */ = {isa = PBXFileReference; fileEncoding = 4; lastKnownFileType = sourcecode.swift; path = OnBoardingViewController.swift; sourceTree = "<group>"; };
		22D87B9B1D97BF240021995D /* NewMainViewController.swift */ = {isa = PBXFileReference; fileEncoding = 4; lastKnownFileType = sourcecode.swift; path = NewMainViewController.swift; sourceTree = "<group>"; };
		22D87B9D1D983E630021995D /* PermissionViewController.swift */ = {isa = PBXFileReference; fileEncoding = 4; lastKnownFileType = sourcecode.swift; path = PermissionViewController.swift; sourceTree = "<group>"; };
		22DCA52B1D92E81800985C90 /* GoogleService-Info.plist */ = {isa = PBXFileReference; fileEncoding = 4; lastKnownFileType = text.plist.xml; path = "GoogleService-Info.plist"; sourceTree = "<group>"; };
		22DD7ED01D6CB92500623BF7 /* rememberme.app */ = {isa = PBXFileReference; explicitFileType = wrapper.application; includeInIndex = 0; path = rememberme.app; sourceTree = BUILT_PRODUCTS_DIR; };
		22DD7ED31D6CB92500623BF7 /* AppDelegate.swift */ = {isa = PBXFileReference; lastKnownFileType = sourcecode.swift; path = AppDelegate.swift; sourceTree = "<group>"; };
		22DD7ED51D6CB92500623BF7 /* MainViewController.swift */ = {isa = PBXFileReference; lastKnownFileType = sourcecode.swift; path = MainViewController.swift; sourceTree = "<group>"; };
		22DD7ED81D6CB92500623BF7 /* Base */ = {isa = PBXFileReference; lastKnownFileType = file.storyboard; name = Base; path = Base.lproj/Main.storyboard; sourceTree = "<group>"; };
		22DD7EDD1D6CB92500623BF7 /* Base */ = {isa = PBXFileReference; lastKnownFileType = file.storyboard; name = Base; path = Base.lproj/LaunchScreen.storyboard; sourceTree = "<group>"; };
		22DD7EDF1D6CB92500623BF7 /* Info.plist */ = {isa = PBXFileReference; lastKnownFileType = text.plist.xml; path = Info.plist; sourceTree = "<group>"; };
		3DCB41951D89BA6910EF3E18 /* Pods-rememberme.debug.xcconfig */ = {isa = PBXFileReference; includeInIndex = 1; lastKnownFileType = text.xcconfig; name = "Pods-rememberme.debug.xcconfig"; path = "Pods/Target Support Files/Pods-rememberme/Pods-rememberme.debug.xcconfig"; sourceTree = "<group>"; };
		9B0EF30C483318947CA0E774 /* Pods_rememberme.framework */ = {isa = PBXFileReference; explicitFileType = wrapper.framework; includeInIndex = 0; path = Pods_rememberme.framework; sourceTree = BUILT_PRODUCTS_DIR; };
		B37F52D80D81FC85874188B1 /* Pods-rememberme.release.xcconfig */ = {isa = PBXFileReference; includeInIndex = 1; lastKnownFileType = text.xcconfig; name = "Pods-rememberme.release.xcconfig"; path = "Pods/Target Support Files/Pods-rememberme/Pods-rememberme.release.xcconfig"; sourceTree = "<group>"; };
/* End PBXFileReference section */

/* Begin PBXFrameworksBuildPhase section */
		22DD7ECD1D6CB92400623BF7 /* Frameworks */ = {
			isa = PBXFrameworksBuildPhase;
			buildActionMask = 2147483647;
			files = (
				73490940582FB48047A83DEA /* Pods_rememberme.framework in Frameworks */,
			);
			runOnlyForDeploymentPostprocessing = 0;
		};
/* End PBXFrameworksBuildPhase section */

/* Begin PBXGroup section */
		22487F261D6F554F00E3526F /* Common */ = {
			isa = PBXGroup;
			children = (
				22487F271D6F55B500E3526F /* Extensions.swift */,
				225473F31DA5882700EF72D0 /* AppConstants.swift */,
			);
			name = Common;
			sourceTree = "<group>";
		};
		22DD7EC71D6CB92400623BF7 = {
			isa = PBXGroup;
			children = (
				22DD7ED21D6CB92500623BF7 /* rememberme */,
				22DD7ED11D6CB92500623BF7 /* Products */,
				E02529A7C87C22E5BDBD5E91 /* Pods */,
				B704D7879CD804A60FF65801 /* Frameworks */,
			);
			sourceTree = "<group>";
		};
		22DD7ED11D6CB92500623BF7 /* Products */ = {
			isa = PBXGroup;
			children = (
				22DD7ED01D6CB92500623BF7 /* rememberme.app */,
			);
			name = Products;
			sourceTree = "<group>";
		};
		22DD7ED21D6CB92500623BF7 /* rememberme */ = {
			isa = PBXGroup;
			children = (
				22487F261D6F554F00E3526F /* Common */,
				22DD7ED31D6CB92500623BF7 /* AppDelegate.swift */,
				22DD7ED51D6CB92500623BF7 /* MainViewController.swift */,
				22DD7ED71D6CB92500623BF7 /* Main.storyboard */,
				22DD7EDC1D6CB92500623BF7 /* LaunchScreen.storyboard */,
				22C6468D1D96DE0D00F8168D /* Assets.xcassets */,
				22DD7EDF1D6CB92500623BF7 /* Info.plist */,
				22DCA52B1D92E81800985C90 /* GoogleService-Info.plist */,
				22135B531D90092E000C4471 /* Data.swift */,
				22C6468F1D97952A00F8168D /* OnBoardingViewController.swift */,
				22D87B9D1D983E630021995D /* PermissionViewController.swift */,
				22D87B9B1D97BF240021995D /* NewMainViewController.swift */,
			);
			path = rememberme;
			sourceTree = "<group>";
		};
		B704D7879CD804A60FF65801 /* Frameworks */ = {
			isa = PBXGroup;
			children = (
				9B0EF30C483318947CA0E774 /* Pods_rememberme.framework */,
			);
			name = Frameworks;
			sourceTree = "<group>";
		};
		E02529A7C87C22E5BDBD5E91 /* Pods */ = {
			isa = PBXGroup;
			children = (
				3DCB41951D89BA6910EF3E18 /* Pods-rememberme.debug.xcconfig */,
				B37F52D80D81FC85874188B1 /* Pods-rememberme.release.xcconfig */,
			);
			name = Pods;
			sourceTree = "<group>";
		};
/* End PBXGroup section */

/* Begin PBXNativeTarget section */
		22DD7ECF1D6CB92400623BF7 /* rememberme */ = {
			isa = PBXNativeTarget;
			buildConfigurationList = 22DD7EE21D6CB92500623BF7 /* Build configuration list for PBXNativeTarget "rememberme" */;
			buildPhases = (
				DDBED42D3D9E30EFD135C811 /* [CP] Check Pods Manifest.lock */,
				22DD7ECC1D6CB92400623BF7 /* Sources */,
				22DD7ECD1D6CB92400623BF7 /* Frameworks */,
				22DD7ECE1D6CB92400623BF7 /* Resources */,
				C0603A4616EF748C48C42EB2 /* [CP] Embed Pods Frameworks */,
				E829819181678E471BC9BDF6 /* [CP] Copy Pods Resources */,
			);
			buildRules = (
			);
			dependencies = (
			);
			name = rememberme;
			productName = rememberme;
			productReference = 22DD7ED01D6CB92500623BF7 /* rememberme.app */;
			productType = "com.apple.product-type.application";
		};
/* End PBXNativeTarget section */

/* Begin PBXProject section */
		22DD7EC81D6CB92400623BF7 /* Project object */ = {
			isa = PBXProject;
			attributes = {
				LastSwiftUpdateCheck = 0800;
				LastUpgradeCheck = 0800;
				ORGANIZATIONNAME = "Vineeth Vijayan";
				TargetAttributes = {
					22DD7ECF1D6CB92400623BF7 = {
						CreatedOnToolsVersion = 8.0;
						DevelopmentTeam = K4T72E2N9S;
						DevelopmentTeamName = "Vineeth Vijayan";
						ProvisioningStyle = Automatic;
					};
				};
			};
			buildConfigurationList = 22DD7ECB1D6CB92400623BF7 /* Build configuration list for PBXProject "rememberme" */;
			compatibilityVersion = "Xcode 3.2";
			developmentRegion = English;
			hasScannedForEncodings = 0;
			knownRegions = (
				en,
				Base,
			);
			mainGroup = 22DD7EC71D6CB92400623BF7;
			productRefGroup = 22DD7ED11D6CB92500623BF7 /* Products */;
			projectDirPath = "";
			projectRoot = "";
			targets = (
				22DD7ECF1D6CB92400623BF7 /* rememberme */,
			);
		};
/* End PBXProject section */

/* Begin PBXResourcesBuildPhase section */
		22DD7ECE1D6CB92400623BF7 /* Resources */ = {
			isa = PBXResourcesBuildPhase;
			buildActionMask = 2147483647;
			files = (
				22DD7EDE1D6CB92500623BF7 /* LaunchScreen.storyboard in Resources */,
				22DCA52C1D92E81800985C90 /* GoogleService-Info.plist in Resources */,
				22C6468E1D96DE0D00F8168D /* Assets.xcassets in Resources */,
				22DD7ED91D6CB92500623BF7 /* Main.storyboard in Resources */,
			);
			runOnlyForDeploymentPostprocessing = 0;
		};
/* End PBXResourcesBuildPhase section */

/* Begin PBXShellScriptBuildPhase section */
		C0603A4616EF748C48C42EB2 /* [CP] Embed Pods Frameworks */ = {
			isa = PBXShellScriptBuildPhase;
			buildActionMask = 2147483647;
			files = (
			);
			inputPaths = (
			);
			name = "[CP] Embed Pods Frameworks";
			outputPaths = (
			);
			runOnlyForDeploymentPostprocessing = 0;
			shellPath = /bin/sh;
			shellScript = "\"${SRCROOT}/Pods/Target Support Files/Pods-rememberme/Pods-rememberme-frameworks.sh\"\n";
			showEnvVarsInLog = 0;
		};
		DDBED42D3D9E30EFD135C811 /* [CP] Check Pods Manifest.lock */ = {
			isa = PBXShellScriptBuildPhase;
			buildActionMask = 2147483647;
			files = (
			);
			inputPaths = (
			);
			name = "[CP] Check Pods Manifest.lock";
			outputPaths = (
			);
			runOnlyForDeploymentPostprocessing = 0;
			shellPath = /bin/sh;
			shellScript = "diff \"${PODS_ROOT}/../Podfile.lock\" \"${PODS_ROOT}/Manifest.lock\" > /dev/null\nif [ $? != 0 ] ; then\n    # print error to STDERR\n    echo \"error: The sandbox is not in sync with the Podfile.lock. Run 'pod install' or update your CocoaPods installation.\" >&2\n    exit 1\nfi\n";
			showEnvVarsInLog = 0;
		};
		E829819181678E471BC9BDF6 /* [CP] Copy Pods Resources */ = {
			isa = PBXShellScriptBuildPhase;
			buildActionMask = 2147483647;
			files = (
			);
			inputPaths = (
			);
			name = "[CP] Copy Pods Resources";
			outputPaths = (
			);
			runOnlyForDeploymentPostprocessing = 0;
			shellPath = /bin/sh;
			shellScript = "\"${SRCROOT}/Pods/Target Support Files/Pods-rememberme/Pods-rememberme-resources.sh\"\n";
			showEnvVarsInLog = 0;
		};
/* End PBXShellScriptBuildPhase section */

/* Begin PBXSourcesBuildPhase section */
		22DD7ECC1D6CB92400623BF7 /* Sources */ = {
			isa = PBXSourcesBuildPhase;
			buildActionMask = 2147483647;
			files = (
				22D87B9C1D97BF240021995D /* NewMainViewController.swift in Sources */,
				22DD7ED61D6CB92500623BF7 /* MainViewController.swift in Sources */,
				22D87B9E1D983E630021995D /* PermissionViewController.swift in Sources */,
				225473F41DA5882700EF72D0 /* AppConstants.swift in Sources */,
				22135B541D90092E000C4471 /* Data.swift in Sources */,
				22487F281D6F55B500E3526F /* Extensions.swift in Sources */,
				22DD7ED41D6CB92500623BF7 /* AppDelegate.swift in Sources */,
				22C646901D97952A00F8168D /* OnBoardingViewController.swift in Sources */,
			);
			runOnlyForDeploymentPostprocessing = 0;
		};
/* End PBXSourcesBuildPhase section */

/* Begin PBXVariantGroup section */
		22DD7ED71D6CB92500623BF7 /* Main.storyboard */ = {
			isa = PBXVariantGroup;
			children = (
				22DD7ED81D6CB92500623BF7 /* Base */,
			);
			name = Main.storyboard;
			sourceTree = "<group>";
		};
		22DD7EDC1D6CB92500623BF7 /* LaunchScreen.storyboard */ = {
			isa = PBXVariantGroup;
			children = (
				22DD7EDD1D6CB92500623BF7 /* Base */,
			);
			name = LaunchScreen.storyboard;
			sourceTree = "<group>";
		};
/* End PBXVariantGroup section */

/* Begin XCBuildConfiguration section */
		22DD7EE01D6CB92500623BF7 /* Debug */ = {
			isa = XCBuildConfiguration;
			buildSettings = {
				ALWAYS_SEARCH_USER_PATHS = NO;
				CLANG_ANALYZER_NONNULL = YES;
				CLANG_CXX_LANGUAGE_STANDARD = "gnu++0x";
				CLANG_CXX_LIBRARY = "libc++";
				CLANG_ENABLE_MODULES = YES;
				CLANG_ENABLE_OBJC_ARC = YES;
				CLANG_WARN_BOOL_CONVERSION = YES;
				CLANG_WARN_CONSTANT_CONVERSION = YES;
				CLANG_WARN_DIRECT_OBJC_ISA_USAGE = YES_ERROR;
				CLANG_WARN_DOCUMENTATION_COMMENTS = YES;
				CLANG_WARN_EMPTY_BODY = YES;
				CLANG_WARN_ENUM_CONVERSION = YES;
				CLANG_WARN_INT_CONVERSION = YES;
				CLANG_WARN_OBJC_ROOT_CLASS = YES_ERROR;
				CLANG_WARN_UNREACHABLE_CODE = YES;
				CLANG_WARN__DUPLICATE_METHOD_MATCH = YES;
				"CODE_SIGN_IDENTITY[sdk=iphoneos*]" = "iPhone Developer";
				COPY_PHASE_STRIP = NO;
				DEBUG_INFORMATION_FORMAT = dwarf;
				ENABLE_STRICT_OBJC_MSGSEND = YES;
				ENABLE_TESTABILITY = YES;
				GCC_C_LANGUAGE_STANDARD = gnu99;
				GCC_DYNAMIC_NO_PIC = NO;
				GCC_NO_COMMON_BLOCKS = YES;
				GCC_OPTIMIZATION_LEVEL = 0;
				GCC_PREPROCESSOR_DEFINITIONS = (
					"DEBUG=1",
					"$(inherited)",
				);
				GCC_WARN_64_TO_32_BIT_CONVERSION = YES;
				GCC_WARN_ABOUT_RETURN_TYPE = YES_ERROR;
				GCC_WARN_UNDECLARED_SELECTOR = YES;
				GCC_WARN_UNINITIALIZED_AUTOS = YES_AGGRESSIVE;
				GCC_WARN_UNUSED_FUNCTION = YES;
				GCC_WARN_UNUSED_VARIABLE = YES;
				IPHONEOS_DEPLOYMENT_TARGET = 9.0;
				MTL_ENABLE_DEBUG_INFO = YES;
				ONLY_ACTIVE_ARCH = YES;
				SDKROOT = iphoneos;
				SWIFT_ACTIVE_COMPILATION_CONDITIONS = DEBUG;
				SWIFT_OPTIMIZATION_LEVEL = "-Onone";
			};
			name = Debug;
		};
		22DD7EE11D6CB92500623BF7 /* Release */ = {
			isa = XCBuildConfiguration;
			buildSettings = {
				ALWAYS_SEARCH_USER_PATHS = NO;
				CLANG_ANALYZER_NONNULL = YES;
				CLANG_CXX_LANGUAGE_STANDARD = "gnu++0x";
				CLANG_CXX_LIBRARY = "libc++";
				CLANG_ENABLE_MODULES = YES;
				CLANG_ENABLE_OBJC_ARC = YES;
				CLANG_WARN_BOOL_CONVERSION = YES;
				CLANG_WARN_CONSTANT_CONVERSION = YES;
				CLANG_WARN_DIRECT_OBJC_ISA_USAGE = YES_ERROR;
				CLANG_WARN_DOCUMENTATION_COMMENTS = YES;
				CLANG_WARN_EMPTY_BODY = YES;
				CLANG_WARN_ENUM_CONVERSION = YES;
				CLANG_WARN_INT_CONVERSION = YES;
				CLANG_WARN_OBJC_ROOT_CLASS = YES_ERROR;
				CLANG_WARN_UNREACHABLE_CODE = YES;
				CLANG_WARN__DUPLICATE_METHOD_MATCH = YES;
				"CODE_SIGN_IDENTITY[sdk=iphoneos*]" = "iPhone Developer";
				COPY_PHASE_STRIP = NO;
				DEBUG_INFORMATION_FORMAT = "dwarf-with-dsym";
				ENABLE_NS_ASSERTIONS = NO;
				ENABLE_STRICT_OBJC_MSGSEND = YES;
				GCC_C_LANGUAGE_STANDARD = gnu99;
				GCC_NO_COMMON_BLOCKS = YES;
				GCC_WARN_64_TO_32_BIT_CONVERSION = YES;
				GCC_WARN_ABOUT_RETURN_TYPE = YES_ERROR;
				GCC_WARN_UNDECLARED_SELECTOR = YES;
				GCC_WARN_UNINITIALIZED_AUTOS = YES_AGGRESSIVE;
				GCC_WARN_UNUSED_FUNCTION = YES;
				GCC_WARN_UNUSED_VARIABLE = YES;
				IPHONEOS_DEPLOYMENT_TARGET = 9.0;
				MTL_ENABLE_DEBUG_INFO = NO;
				SDKROOT = iphoneos;
				SWIFT_OPTIMIZATION_LEVEL = "-Owholemodule";
				VALIDATE_PRODUCT = YES;
			};
			name = Release;
		};
		22DD7EE31D6CB92500623BF7 /* Debug */ = {
			isa = XCBuildConfiguration;
			baseConfigurationReference = 3DCB41951D89BA6910EF3E18 /* Pods-rememberme.debug.xcconfig */;
			buildSettings = {
				ASSETCATALOG_COMPILER_APPICON_NAME = AppIcon;
				INFOPLIST_FILE = rememberme/Info.plist;
				LD_RUNPATH_SEARCH_PATHS = "$(inherited) @executable_path/Frameworks";
				PRODUCT_BUNDLE_IDENTIFIER = com.creativelogics.rememberme;
				PRODUCT_NAME = "$(TARGET_NAME)";
				SWIFT_VERSION = 3.0;
			};
			name = Debug;
		};
		22DD7EE41D6CB92500623BF7 /* Release */ = {
			isa = XCBuildConfiguration;
			baseConfigurationReference = B37F52D80D81FC85874188B1 /* Pods-rememberme.release.xcconfig */;
			buildSettings = {
				ASSETCATALOG_COMPILER_APPICON_NAME = AppIcon;
				INFOPLIST_FILE = rememberme/Info.plist;
				LD_RUNPATH_SEARCH_PATHS = "$(inherited) @executable_path/Frameworks";
				PRODUCT_BUNDLE_IDENTIFIER = com.creativelogics.rememberme;
				PRODUCT_NAME = "$(TARGET_NAME)";
				SWIFT_VERSION = 3.0;
			};
			name = Release;
		};
/* End XCBuildConfiguration section */

/* Begin XCConfigurationList section */
		22DD7ECB1D6CB92400623BF7 /* Build configuration list for PBXProject "rememberme" */ = {
			isa = XCConfigurationList;
			buildConfigurations = (
				22DD7EE01D6CB92500623BF7 /* Debug */,
				22DD7EE11D6CB92500623BF7 /* Release */,
			);
			defaultConfigurationIsVisible = 0;
			defaultConfigurationName = Release;
		};
		22DD7EE21D6CB92500623BF7 /* Build configuration list for PBXNativeTarget "rememberme" */ = {
			isa = XCConfigurationList;
			buildConfigurations = (
				22DD7EE31D6CB92500623BF7 /* Debug */,
				22DD7EE41D6CB92500623BF7 /* Release */,
			);
			defaultConfigurationIsVisible = 0;
			defaultConfigurationName = Release;
		};
/* End XCConfigurationList section */
	};
	rootObject = 22DD7EC81D6CB92400623BF7 /* Project object */;
}
